
Microsoft Visual Studio Solution File, Format Version 12.00
# Visual Studio 2012
Project("{FAE04EC0-301F-11D3-BF4B-00C04F79EFBC}") = "Arduino", "Arduino\Arduino.csproj", "{97C6D567-0A98-41A5-B799-EADDF6009015}"
EndProject
Project("{FAE04EC0-301F-11D3-BF4B-00C04F79EFBC}") = "Testing", "Testing\Testing.csproj", "{73651C0C-EF91-45DE-9813-4C755247E876}"
EndProject
Global
	GlobalSection(SolutionConfigurationPlatforms) = preSolution
		Debug|Any CPU = Debug|Any CPU
		Release|Any CPU = Release|Any CPU
	EndGlobalSection
	GlobalSection(ProjectConfigurationPlatforms) = postSolution
		{97C6D567-0A98-41A5-B799-EADDF6009015}.Debug|Any CPU.ActiveCfg = Debug|Any CPU
		{97C6D567-0A98-41A5-B799-EADDF6009015}.Debug|Any CPU.Build.0 = Debug|Any CPU
		{97C6D567-0A98-41A5-B799-EADDF6009015}.Release|Any CPU.ActiveCfg = Release|Any CPU
		{97C6D567-0A98-41A5-B799-EADDF6009015}.Release|Any CPU.Build.0 = Release|Any CPU
		{73651C0C-EF91-45DE-9813-4C755247E876}.Debug|Any CPU.ActiveCfg = Debug|Any CPU
		{73651C0C-EF91-45DE-9813-4C755247E876}.Debug|Any CPU.Build.0 = Debug|Any CPU
		{73651C0C-EF91-45DE-9813-4C755247E876}.Release|Any CPU.ActiveCfg = Release|Any CPU
		{73651C0C-EF91-45DE-9813-4C755247E876}.Release|Any CPU.Build.0 = Release|Any CPU
	EndGlobalSection
	GlobalSection(SolutionProperties) = preSolution
		HideSolutionNode = FALSE
	EndGlobalSection
EndGlobal
